
Microsoft Visual Studio Solution File, Format Version 12.00
# Visual Studio 15
VisualStudioVersion = 15.0.28307.421
MinimumVisualStudioVersion = 10.0.40219.1
Project("{9A19103F-16F7-4668-BE54-9A1E7A4F7556}") = "StringLibreria", "StringLibreria\StringLibreria.csproj", "{1C131A76-73E5-41F4-90B1-E4CEC34F8BB7}"
EndProject
Project("{9A19103F-16F7-4668-BE54-9A1E7A4F7556}") = "StringLibreriaTest", "StringLibreriaTest\StringLibreriaTest.csproj", "{4A41DC13-7D37-4D92-8857-EC64AD18AA05}"
EndProject
Project("{9A19103F-16F7-4668-BE54-9A1E7A4F7556}") = "Presentacion", "Presentacion\Presentacion.csproj", "{64C1755E-C479-4E58-8E54-D30E2CA8EBB3}"
EndProject
Project("{9A19103F-16F7-4668-BE54-9A1E7A4F7556}") = "Collections", "Collections\Collections.csproj", "{72A6C5BD-BFCA-4445-AB23-6BB576A56C46}"
EndProject
Project("{9A19103F-16F7-4668-BE54-9A1E7A4F7556}") = "Strings", "Strings\Strings.csproj", "{E7CD378D-E17A-4785-B8FB-58515CBC8F33}"
EndProject
Project("{9A19103F-16F7-4668-BE54-9A1E7A4F7556}") = "CSharp6", "CSharp6\CSharp6.csproj", "{E23FAA0B-CC6E-48EF-AC5D-C61D04B7BF5D}"
EndProject
Project("{9A19103F-16F7-4668-BE54-9A1E7A4F7556}") = "ConstructoresEstaticos", "Constructores\ConstructoresEstaticos.csproj", "{04192F61-FBD4-4984-999E-05D1E89840B8}"
EndProject
Project("{9A19103F-16F7-4668-BE54-9A1E7A4F7556}") = "ConstructoresSintaxis", "ConstructoresSintaxis\ConstructoresSintaxis.csproj", "{F0E3626A-335F-41E2-A7A5-858641297122}"
EndProject
Project("{9A19103F-16F7-4668-BE54-9A1E7A4F7556}") = "MVCapplicacion", "MVCapplicacion\MVCapplicacion.csproj", "{5B482927-1623-457A-B3A4-F35ED294CD53}"
EndProject
Global
	GlobalSection(SolutionConfigurationPlatforms) = preSolution
		Ad-Hoc|Any CPU = Ad-Hoc|Any CPU
		Ad-Hoc|ARM = Ad-Hoc|ARM
		Ad-Hoc|iPhone = Ad-Hoc|iPhone
		Ad-Hoc|iPhoneSimulator = Ad-Hoc|iPhoneSimulator
		Ad-Hoc|x64 = Ad-Hoc|x64
		Ad-Hoc|x86 = Ad-Hoc|x86
		AppStore|Any CPU = AppStore|Any CPU
		AppStore|ARM = AppStore|ARM
		AppStore|iPhone = AppStore|iPhone
		AppStore|iPhoneSimulator = AppStore|iPhoneSimulator
		AppStore|x64 = AppStore|x64
		AppStore|x86 = AppStore|x86
		Debug|Any CPU = Debug|Any CPU
		Debug|ARM = Debug|ARM
		Debug|iPhone = Debug|iPhone
		Debug|iPhoneSimulator = Debug|iPhoneSimulator
		Debug|x64 = Debug|x64
		Debug|x86 = Debug|x86
		Release|Any CPU = Release|Any CPU
		Release|ARM = Release|ARM
		Release|iPhone = Release|iPhone
		Release|iPhoneSimulator = Release|iPhoneSimulator
		Release|x64 = Release|x64
		Release|x86 = Release|x86
	EndGlobalSection
	GlobalSection(ProjectConfigurationPlatforms) = postSolution
		{1C131A76-73E5-41F4-90B1-E4CEC34F8BB7}.Ad-Hoc|Any CPU.ActiveCfg = Release|Any CPU
		{1C131A76-73E5-41F4-90B1-E4CEC34F8BB7}.Ad-Hoc|Any CPU.Build.0 = Release|Any CPU
		{1C131A76-73E5-41F4-90B1-E4CEC34F8BB7}.Ad-Hoc|ARM.ActiveCfg = Release|Any CPU
		{1C131A76-73E5-41F4-90B1-E4CEC34F8BB7}.Ad-Hoc|ARM.Build.0 = Release|Any CPU
		{1C131A76-73E5-41F4-90B1-E4CEC34F8BB7}.Ad-Hoc|iPhone.ActiveCfg = Release|Any CPU
		{1C131A76-73E5-41F4-90B1-E4CEC34F8BB7}.Ad-Hoc|iPhone.Build.0 = Release|Any CPU
		{1C131A76-73E5-41F4-90B1-E4CEC34F8BB7}.Ad-Hoc|iPhoneSimulator.ActiveCfg = Release|Any CPU
		{1C131A76-73E5-41F4-90B1-E4CEC34F8BB7}.Ad-Hoc|iPhoneSimulator.Build.0 = Release|Any CPU
		{1C131A76-73E5-41F4-90B1-E4CEC34F8BB7}.Ad-Hoc|x64.ActiveCfg = Release|Any CPU
		{1C131A76-73E5-41F4-90B1-E4CEC34F8BB7}.Ad-Hoc|x64.Build.0 = Release|Any CPU
		{1C131A76-73E5-41F4-90B1-E4CEC34F8BB7}.Ad-Hoc|x86.ActiveCfg = Release|Any CPU
		{1C131A76-73E5-41F4-90B1-E4CEC34F8BB7}.Ad-Hoc|x86.Build.0 = Release|Any CPU
		{1C131A76-73E5-41F4-90B1-E4CEC34F8BB7}.AppStore|Any CPU.ActiveCfg = Release|Any CPU
		{1C131A76-73E5-41F4-90B1-E4CEC34F8BB7}.AppStore|Any CPU.Build.0 = Release|Any CPU
		{1C131A76-73E5-41F4-90B1-E4CEC34F8BB7}.AppStore|ARM.ActiveCfg = Release|Any CPU
		{1C131A76-73E5-41F4-90B1-E4CEC34F8BB7}.AppStore|ARM.Build.0 = Release|Any CPU
		{1C131A76-73E5-41F4-90B1-E4CEC34F8BB7}.AppStore|iPhone.ActiveCfg = Release|Any CPU
		{1C131A76-73E5-41F4-90B1-E4CEC34F8BB7}.AppStore|iPhone.Build.0 = Release|Any CPU
		{1C131A76-73E5-41F4-90B1-E4CEC34F8BB7}.AppStore|iPhoneSimulator.ActiveCfg = Release|Any CPU
		{1C131A76-73E5-41F4-90B1-E4CEC34F8BB7}.AppStore|iPhoneSimulator.Build.0 = Release|Any CPU
		{1C131A76-73E5-41F4-90B1-E4CEC34F8BB7}.AppStore|x64.ActiveCfg = Release|Any CPU
		{1C131A76-73E5-41F4-90B1-E4CEC34F8BB7}.AppStore|x64.Build.0 = Release|Any CPU
		{1C131A76-73E5-41F4-90B1-E4CEC34F8BB7}.AppStore|x86.ActiveCfg = Release|Any CPU
		{1C131A76-73E5-41F4-90B1-E4CEC34F8BB7}.AppStore|x86.Build.0 = Release|Any CPU
		{1C131A76-73E5-41F4-90B1-E4CEC34F8BB7}.Debug|Any CPU.ActiveCfg = Debug|Any CPU
		{1C131A76-73E5-41F4-90B1-E4CEC34F8BB7}.Debug|Any CPU.Build.0 = Debug|Any CPU
		{1C131A76-73E5-41F4-90B1-E4CEC34F8BB7}.Debug|ARM.ActiveCfg = Debug|Any CPU
		{1C131A76-73E5-41F4-90B1-E4CEC34F8BB7}.Debug|ARM.Build.0 = Debug|Any CPU
		{1C131A76-73E5-41F4-90B1-E4CEC34F8BB7}.Debug|iPhone.ActiveCfg = Debug|Any CPU
		{1C131A76-73E5-41F4-90B1-E4CEC34F8BB7}.Debug|iPhone.Build.0 = Debug|Any CPU
		{1C131A76-73E5-41F4-90B1-E4CEC34F8BB7}.Debug|iPhoneSimulator.ActiveCfg = Debug|Any CPU
		{1C131A76-73E5-41F4-90B1-E4CEC34F8BB7}.Debug|iPhoneSimulator.Build.0 = Debug|Any CPU
		{1C131A76-73E5-41F4-90B1-E4CEC34F8BB7}.Debug|x64.ActiveCfg = Debug|Any CPU
		{1C131A76-73E5-41F4-90B1-E4CEC34F8BB7}.Debug|x64.Build.0 = Debug|Any CPU
		{1C131A76-73E5-41F4-90B1-E4CEC34F8BB7}.Debug|x86.ActiveCfg = Debug|Any CPU
		{1C131A76-73E5-41F4-90B1-E4CEC34F8BB7}.Debug|x86.Build.0 = Debug|Any CPU
		{1C131A76-73E5-41F4-90B1-E4CEC34F8BB7}.Release|Any CPU.ActiveCfg = Release|Any CPU
		{1C131A76-73E5-41F4-90B1-E4CEC34F8BB7}.Release|Any CPU.Build.0 = Release|Any CPU
		{1C131A76-73E5-41F4-90B1-E4CEC34F8BB7}.Release|ARM.ActiveCfg = Release|Any CPU
		{1C131A76-73E5-41F4-90B1-E4CEC34F8BB7}.Release|ARM.Build.0 = Release|Any CPU
		{1C131A76-73E5-41F4-90B1-E4CEC34F8BB7}.Release|iPhone.ActiveCfg = Release|Any CPU
		{1C131A76-73E5-41F4-90B1-E4CEC34F8BB7}.Release|iPhone.Build.0 = Release|Any CPU
		{1C131A76-73E5-41F4-90B1-E4CEC34F8BB7}.Release|iPhoneSimulator.ActiveCfg = Release|Any CPU
		{1C131A76-73E5-41F4-90B1-E4CEC34F8BB7}.Release|iPhoneSimulator.Build.0 = Release|Any CPU
		{1C131A76-73E5-41F4-90B1-E4CEC34F8BB7}.Release|x64.ActiveCfg = Release|Any CPU
		{1C131A76-73E5-41F4-90B1-E4CEC34F8BB7}.Release|x64.Build.0 = Release|Any CPU
		{1C131A76-73E5-41F4-90B1-E4CEC34F8BB7}.Release|x86.ActiveCfg = Release|Any CPU
		{1C131A76-73E5-41F4-90B1-E4CEC34F8BB7}.Release|x86.Build.0 = Release|Any CPU
		{4A41DC13-7D37-4D92-8857-EC64AD18AA05}.Ad-Hoc|Any CPU.ActiveCfg = Release|Any CPU
		{4A41DC13-7D37-4D92-8857-EC64AD18AA05}.Ad-Hoc|Any CPU.Build.0 = Release|Any CPU
		{4A41DC13-7D37-4D92-8857-EC64AD18AA05}.Ad-Hoc|ARM.ActiveCfg = Release|Any CPU
		{4A41DC13-7D37-4D92-8857-EC64AD18AA05}.Ad-Hoc|ARM.Build.0 = Release|Any CPU
		{4A41DC13-7D37-4D92-8857-EC64AD18AA05}.Ad-Hoc|iPhone.ActiveCfg = Release|Any CPU
		{4A41DC13-7D37-4D92-8857-EC64AD18AA05}.Ad-Hoc|iPhone.Build.0 = Release|Any CPU
		{4A41DC13-7D37-4D92-8857-EC64AD18AA05}.Ad-Hoc|iPhoneSimulator.ActiveCfg = Release|Any CPU
		{4A41DC13-7D37-4D92-8857-EC64AD18AA05}.Ad-Hoc|iPhoneSimulator.Build.0 = Release|Any CPU
		{4A41DC13-7D37-4D92-8857-EC64AD18AA05}.Ad-Hoc|x64.ActiveCfg = Release|Any CPU
		{4A41DC13-7D37-4D92-8857-EC64AD18AA05}.Ad-Hoc|x64.Build.0 = Release|Any CPU
		{4A41DC13-7D37-4D92-8857-EC64AD18AA05}.Ad-Hoc|x86.ActiveCfg = Release|Any CPU
		{4A41DC13-7D37-4D92-8857-EC64AD18AA05}.Ad-Hoc|x86.Build.0 = Release|Any CPU
		{4A41DC13-7D37-4D92-8857-EC64AD18AA05}.AppStore|Any CPU.ActiveCfg = Release|Any CPU
		{4A41DC13-7D37-4D92-8857-EC64AD18AA05}.AppStore|Any CPU.Build.0 = Release|Any CPU
		{4A41DC13-7D37-4D92-8857-EC64AD18AA05}.AppStore|ARM.ActiveCfg = Release|Any CPU
		{4A41DC13-7D37-4D92-8857-EC64AD18AA05}.AppStore|ARM.Build.0 = Release|Any CPU
		{4A41DC13-7D37-4D92-8857-EC64AD18AA05}.AppStore|iPhone.ActiveCfg = Release|Any CPU
		{4A41DC13-7D37-4D92-8857-EC64AD18AA05}.AppStore|iPhone.Build.0 = Release|Any CPU
		{4A41DC13-7D37-4D92-8857-EC64AD18AA05}.AppStore|iPhoneSimulator.ActiveCfg = Release|Any CPU
		{4A41DC13-7D37-4D92-8857-EC64AD18AA05}.AppStore|iPhoneSimulator.Build.0 = Release|Any CPU
		{4A41DC13-7D37-4D92-8857-EC64AD18AA05}.AppStore|x64.ActiveCfg = Release|Any CPU
		{4A41DC13-7D37-4D92-8857-EC64AD18AA05}.AppStore|x64.Build.0 = Release|Any CPU
		{4A41DC13-7D37-4D92-8857-EC64AD18AA05}.AppStore|x86.ActiveCfg = Release|Any CPU
		{4A41DC13-7D37-4D92-8857-EC64AD18AA05}.AppStore|x86.Build.0 = Release|Any CPU
		{4A41DC13-7D37-4D92-8857-EC64AD18AA05}.Debug|Any CPU.ActiveCfg = Debug|Any CPU
		{4A41DC13-7D37-4D92-8857-EC64AD18AA05}.Debug|Any CPU.Build.0 = Debug|Any CPU
		{4A41DC13-7D37-4D92-8857-EC64AD18AA05}.Debug|ARM.ActiveCfg = Debug|Any CPU
		{4A41DC13-7D37-4D92-8857-EC64AD18AA05}.Debug|ARM.Build.0 = Debug|Any CPU
		{4A41DC13-7D37-4D92-8857-EC64AD18AA05}.Debug|iPhone.ActiveCfg = Debug|Any CPU
		{4A41DC13-7D37-4D92-8857-EC64AD18AA05}.Debug|iPhone.Build.0 = Debug|Any CPU
		{4A41DC13-7D37-4D92-8857-EC64AD18AA05}.Debug|iPhoneSimulator.ActiveCfg = Debug|Any CPU
		{4A41DC13-7D37-4D92-8857-EC64AD18AA05}.Debug|iPhoneSimulator.Build.0 = Debug|Any CPU
		{4A41DC13-7D37-4D92-8857-EC64AD18AA05}.Debug|x64.ActiveCfg = Debug|Any CPU
		{4A41DC13-7D37-4D92-8857-EC64AD18AA05}.Debug|x64.Build.0 = Debug|Any CPU
		{4A41DC13-7D37-4D92-8857-EC64AD18AA05}.Debug|x86.ActiveCfg = Debug|Any CPU
		{4A41DC13-7D37-4D92-8857-EC64AD18AA05}.Debug|x86.Build.0 = Debug|Any CPU
		{4A41DC13-7D37-4D92-8857-EC64AD18AA05}.Release|Any CPU.ActiveCfg = Release|Any CPU
		{4A41DC13-7D37-4D92-8857-EC64AD18AA05}.Release|Any CPU.Build.0 = Release|Any CPU
		{4A41DC13-7D37-4D92-8857-EC64AD18AA05}.Release|ARM.ActiveCfg = Release|Any CPU
		{4A41DC13-7D37-4D92-8857-EC64AD18AA05}.Release|ARM.Build.0 = Release|Any CPU
		{4A41DC13-7D37-4D92-8857-EC64AD18AA05}.Release|iPhone.ActiveCfg = Release|Any CPU
		{4A41DC13-7D37-4D92-8857-EC64AD18AA05}.Release|iPhone.Build.0 = Release|Any CPU
		{4A41DC13-7D37-4D92-8857-EC64AD18AA05}.Release|iPhoneSimulator.ActiveCfg = Release|Any CPU
		{4A41DC13-7D37-4D92-8857-EC64AD18AA05}.Release|iPhoneSimulator.Build.0 = Release|Any CPU
		{4A41DC13-7D37-4D92-8857-EC64AD18AA05}.Release|x64.ActiveCfg = Release|Any CPU
		{4A41DC13-7D37-4D92-8857-EC64AD18AA05}.Release|x64.Build.0 = Release|Any CPU
		{4A41DC13-7D37-4D92-8857-EC64AD18AA05}.Release|x86.ActiveCfg = Release|Any CPU
		{4A41DC13-7D37-4D92-8857-EC64AD18AA05}.Release|x86.Build.0 = Release|Any CPU
		{64C1755E-C479-4E58-8E54-D30E2CA8EBB3}.Ad-Hoc|Any CPU.ActiveCfg = Release|Any CPU
		{64C1755E-C479-4E58-8E54-D30E2CA8EBB3}.Ad-Hoc|Any CPU.Build.0 = Release|Any CPU
		{64C1755E-C479-4E58-8E54-D30E2CA8EBB3}.Ad-Hoc|ARM.ActiveCfg = Release|Any CPU
		{64C1755E-C479-4E58-8E54-D30E2CA8EBB3}.Ad-Hoc|ARM.Build.0 = Release|Any CPU
		{64C1755E-C479-4E58-8E54-D30E2CA8EBB3}.Ad-Hoc|iPhone.ActiveCfg = Release|Any CPU
		{64C1755E-C479-4E58-8E54-D30E2CA8EBB3}.Ad-Hoc|iPhone.Build.0 = Release|Any CPU
		{64C1755E-C479-4E58-8E54-D30E2CA8EBB3}.Ad-Hoc|iPhoneSimulator.ActiveCfg = Release|Any CPU
		{64C1755E-C479-4E58-8E54-D30E2CA8EBB3}.Ad-Hoc|iPhoneSimulator.Build.0 = Release|Any CPU
		{64C1755E-C479-4E58-8E54-D30E2CA8EBB3}.Ad-Hoc|x64.ActiveCfg = Release|Any CPU
		{64C1755E-C479-4E58-8E54-D30E2CA8EBB3}.Ad-Hoc|x64.Build.0 = Release|Any CPU
		{64C1755E-C479-4E58-8E54-D30E2CA8EBB3}.Ad-Hoc|x86.ActiveCfg = Release|Any CPU
		{64C1755E-C479-4E58-8E54-D30E2CA8EBB3}.Ad-Hoc|x86.Build.0 = Release|Any CPU
		{64C1755E-C479-4E58-8E54-D30E2CA8EBB3}.AppStore|Any CPU.ActiveCfg = Release|Any CPU
		{64C1755E-C479-4E58-8E54-D30E2CA8EBB3}.AppStore|Any CPU.Build.0 = Release|Any CPU
		{64C1755E-C479-4E58-8E54-D30E2CA8EBB3}.AppStore|ARM.ActiveCfg = Release|Any CPU
		{64C1755E-C479-4E58-8E54-D30E2CA8EBB3}.AppStore|ARM.Build.0 = Release|Any CPU
		{64C1755E-C479-4E58-8E54-D30E2CA8EBB3}.AppStore|iPhone.ActiveCfg = Release|Any CPU
		{64C1755E-C479-4E58-8E54-D30E2CA8EBB3}.AppStore|iPhone.Build.0 = Release|Any CPU
		{64C1755E-C479-4E58-8E54-D30E2CA8EBB3}.AppStore|iPhoneSimulator.ActiveCfg = Release|Any CPU
		{64C1755E-C479-4E58-8E54-D30E2CA8EBB3}.AppStore|iPhoneSimulator.Build.0 = Release|Any CPU
		{64C1755E-C479-4E58-8E54-D30E2CA8EBB3}.AppStore|x64.ActiveCfg = Release|Any CPU
		{64C1755E-C479-4E58-8E54-D30E2CA8EBB3}.AppStore|x64.Build.0 = Release|Any CPU
		{64C1755E-C479-4E58-8E54-D30E2CA8EBB3}.AppStore|x86.ActiveCfg = Release|Any CPU
		{64C1755E-C479-4E58-8E54-D30E2CA8EBB3}.AppStore|x86.Build.0 = Release|Any CPU
		{64C1755E-C479-4E58-8E54-D30E2CA8EBB3}.Debug|Any CPU.ActiveCfg = Debug|Any CPU
		{64C1755E-C479-4E58-8E54-D30E2CA8EBB3}.Debug|Any CPU.Build.0 = Debug|Any CPU
		{64C1755E-C479-4E58-8E54-D30E2CA8EBB3}.Debug|ARM.ActiveCfg = Debug|Any CPU
		{64C1755E-C479-4E58-8E54-D30E2CA8EBB3}.Debug|ARM.Build.0 = Debug|Any CPU
		{64C1755E-C479-4E58-8E54-D30E2CA8EBB3}.Debug|iPhone.ActiveCfg = Debug|Any CPU
		{64C1755E-C479-4E58-8E54-D30E2CA8EBB3}.Debug|iPhone.Build.0 = Debug|Any CPU
		{64C1755E-C479-4E58-8E54-D30E2CA8EBB3}.Debug|iPhoneSimulator.ActiveCfg = Debug|Any CPU
		{64C1755E-C479-4E58-8E54-D30E2CA8EBB3}.Debug|iPhoneSimulator.Build.0 = Debug|Any CPU
		{64C1755E-C479-4E58-8E54-D30E2CA8EBB3}.Debug|x64.ActiveCfg = Debug|Any CPU
		{64C1755E-C479-4E58-8E54-D30E2CA8EBB3}.Debug|x64.Build.0 = Debug|Any CPU
		{64C1755E-C479-4E58-8E54-D30E2CA8EBB3}.Debug|x86.ActiveCfg = Debug|Any CPU
		{64C1755E-C479-4E58-8E54-D30E2CA8EBB3}.Debug|x86.Build.0 = Debug|Any CPU
		{64C1755E-C479-4E58-8E54-D30E2CA8EBB3}.Release|Any CPU.ActiveCfg = Release|Any CPU
		{64C1755E-C479-4E58-8E54-D30E2CA8EBB3}.Release|Any CPU.Build.0 = Release|Any CPU
		{64C1755E-C479-4E58-8E54-D30E2CA8EBB3}.Release|ARM.ActiveCfg = Release|Any CPU
		{64C1755E-C479-4E58-8E54-D30E2CA8EBB3}.Release|ARM.Build.0 = Release|Any CPU
		{64C1755E-C479-4E58-8E54-D30E2CA8EBB3}.Release|iPhone.ActiveCfg = Release|Any CPU
		{64C1755E-C479-4E58-8E54-D30E2CA8EBB3}.Release|iPhone.Build.0 = Release|Any CPU
		{64C1755E-C479-4E58-8E54-D30E2CA8EBB3}.Release|iPhoneSimulator.ActiveCfg = Release|Any CPU
		{64C1755E-C479-4E58-8E54-D30E2CA8EBB3}.Release|iPhoneSimulator.Build.0 = Release|Any CPU
		{64C1755E-C479-4E58-8E54-D30E2CA8EBB3}.Release|x64.ActiveCfg = Release|Any CPU
		{64C1755E-C479-4E58-8E54-D30E2CA8EBB3}.Release|x64.Build.0 = Release|Any CPU
		{64C1755E-C479-4E58-8E54-D30E2CA8EBB3}.Release|x86.ActiveCfg = Release|Any CPU
		{64C1755E-C479-4E58-8E54-D30E2CA8EBB3}.Release|x86.Build.0 = Release|Any CPU
		{72A6C5BD-BFCA-4445-AB23-6BB576A56C46}.Ad-Hoc|Any CPU.ActiveCfg = Release|Any CPU
		{72A6C5BD-BFCA-4445-AB23-6BB576A56C46}.Ad-Hoc|Any CPU.Build.0 = Release|Any CPU
		{72A6C5BD-BFCA-4445-AB23-6BB576A56C46}.Ad-Hoc|ARM.ActiveCfg = Release|Any CPU
		{72A6C5BD-BFCA-4445-AB23-6BB576A56C46}.Ad-Hoc|ARM.Build.0 = Release|Any CPU
		{72A6C5BD-BFCA-4445-AB23-6BB576A56C46}.Ad-Hoc|iPhone.ActiveCfg = Release|Any CPU
		{72A6C5BD-BFCA-4445-AB23-6BB576A56C46}.Ad-Hoc|iPhone.Build.0 = Release|Any CPU
		{72A6C5BD-BFCA-4445-AB23-6BB576A56C46}.Ad-Hoc|iPhoneSimulator.ActiveCfg = Release|Any CPU
		{72A6C5BD-BFCA-4445-AB23-6BB576A56C46}.Ad-Hoc|iPhoneSimulator.Build.0 = Release|Any CPU
		{72A6C5BD-BFCA-4445-AB23-6BB576A56C46}.Ad-Hoc|x64.ActiveCfg = Release|Any CPU
		{72A6C5BD-BFCA-4445-AB23-6BB576A56C46}.Ad-Hoc|x64.Build.0 = Release|Any CPU
		{72A6C5BD-BFCA-4445-AB23-6BB576A56C46}.Ad-Hoc|x86.ActiveCfg = Release|Any CPU
		{72A6C5BD-BFCA-4445-AB23-6BB576A56C46}.Ad-Hoc|x86.Build.0 = Release|Any CPU
		{72A6C5BD-BFCA-4445-AB23-6BB576A56C46}.AppStore|Any CPU.ActiveCfg = Release|Any CPU
		{72A6C5BD-BFCA-4445-AB23-6BB576A56C46}.AppStore|Any CPU.Build.0 = Release|Any CPU
		{72A6C5BD-BFCA-4445-AB23-6BB576A56C46}.AppStore|ARM.ActiveCfg = Release|Any CPU
		{72A6C5BD-BFCA-4445-AB23-6BB576A56C46}.AppStore|ARM.Build.0 = Release|Any CPU
		{72A6C5BD-BFCA-4445-AB23-6BB576A56C46}.AppStore|iPhone.ActiveCfg = Release|Any CPU
		{72A6C5BD-BFCA-4445-AB23-6BB576A56C46}.AppStore|iPhone.Build.0 = Release|Any CPU
		{72A6C5BD-BFCA-4445-AB23-6BB576A56C46}.AppStore|iPhoneSimulator.ActiveCfg = Release|Any CPU
		{72A6C5BD-BFCA-4445-AB23-6BB576A56C46}.AppStore|iPhoneSimulator.Build.0 = Release|Any CPU
		{72A6C5BD-BFCA-4445-AB23-6BB576A56C46}.AppStore|x64.ActiveCfg = Release|Any CPU
		{72A6C5BD-BFCA-4445-AB23-6BB576A56C46}.AppStore|x64.Build.0 = Release|Any CPU
		{72A6C5BD-BFCA-4445-AB23-6BB576A56C46}.AppStore|x86.ActiveCfg = Release|Any CPU
		{72A6C5BD-BFCA-4445-AB23-6BB576A56C46}.AppStore|x86.Build.0 = Release|Any CPU
		{72A6C5BD-BFCA-4445-AB23-6BB576A56C46}.Debug|Any CPU.ActiveCfg = Debug|Any CPU
		{72A6C5BD-BFCA-4445-AB23-6BB576A56C46}.Debug|Any CPU.Build.0 = Debug|Any CPU
		{72A6C5BD-BFCA-4445-AB23-6BB576A56C46}.Debug|ARM.ActiveCfg = Debug|Any CPU
		{72A6C5BD-BFCA-4445-AB23-6BB576A56C46}.Debug|ARM.Build.0 = Debug|Any CPU
		{72A6C5BD-BFCA-4445-AB23-6BB576A56C46}.Debug|iPhone.ActiveCfg = Debug|Any CPU
		{72A6C5BD-BFCA-4445-AB23-6BB576A56C46}.Debug|iPhone.Build.0 = Debug|Any CPU
		{72A6C5BD-BFCA-4445-AB23-6BB576A56C46}.Debug|iPhoneSimulator.ActiveCfg = Debug|Any CPU
		{72A6C5BD-BFCA-4445-AB23-6BB576A56C46}.Debug|iPhoneSimulator.Build.0 = Debug|Any CPU
		{72A6C5BD-BFCA-4445-AB23-6BB576A56C46}.Debug|x64.ActiveCfg = Debug|Any CPU
		{72A6C5BD-BFCA-4445-AB23-6BB576A56C46}.Debug|x64.Build.0 = Debug|Any CPU
		{72A6C5BD-BFCA-4445-AB23-6BB576A56C46}.Debug|x86.ActiveCfg = Debug|Any CPU
		{72A6C5BD-BFCA-4445-AB23-6BB576A56C46}.Debug|x86.Build.0 = Debug|Any CPU
		{72A6C5BD-BFCA-4445-AB23-6BB576A56C46}.Release|Any CPU.ActiveCfg = Release|Any CPU
		{72A6C5BD-BFCA-4445-AB23-6BB576A56C46}.Release|Any CPU.Build.0 = Release|Any CPU
		{72A6C5BD-BFCA-4445-AB23-6BB576A56C46}.Release|ARM.ActiveCfg = Release|Any CPU
		{72A6C5BD-BFCA-4445-AB23-6BB576A56C46}.Release|ARM.Build.0 = Release|Any CPU
		{72A6C5BD-BFCA-4445-AB23-6BB576A56C46}.Release|iPhone.ActiveCfg = Release|Any CPU
		{72A6C5BD-BFCA-4445-AB23-6BB576A56C46}.Release|iPhone.Build.0 = Release|Any CPU
		{72A6C5BD-BFCA-4445-AB23-6BB576A56C46}.Release|iPhoneSimulator.ActiveCfg = Release|Any CPU
		{72A6C5BD-BFCA-4445-AB23-6BB576A56C46}.Release|iPhoneSimulator.Build.0 = Release|Any CPU
		{72A6C5BD-BFCA-4445-AB23-6BB576A56C46}.Release|x64.ActiveCfg = Release|Any CPU
		{72A6C5BD-BFCA-4445-AB23-6BB576A56C46}.Release|x64.Build.0 = Release|Any CPU
		{72A6C5BD-BFCA-4445-AB23-6BB576A56C46}.Release|x86.ActiveCfg = Release|Any CPU
		{72A6C5BD-BFCA-4445-AB23-6BB576A56C46}.Release|x86.Build.0 = Release|Any CPU
		{E7CD378D-E17A-4785-B8FB-58515CBC8F33}.Ad-Hoc|Any CPU.ActiveCfg = Release|Any CPU
		{E7CD378D-E17A-4785-B8FB-58515CBC8F33}.Ad-Hoc|Any CPU.Build.0 = Release|Any CPU
		{E7CD378D-E17A-4785-B8FB-58515CBC8F33}.Ad-Hoc|ARM.ActiveCfg = Release|Any CPU
		{E7CD378D-E17A-4785-B8FB-58515CBC8F33}.Ad-Hoc|ARM.Build.0 = Release|Any CPU
		{E7CD378D-E17A-4785-B8FB-58515CBC8F33}.Ad-Hoc|iPhone.ActiveCfg = Release|Any CPU
		{E7CD378D-E17A-4785-B8FB-58515CBC8F33}.Ad-Hoc|iPhone.Build.0 = Release|Any CPU
		{E7CD378D-E17A-4785-B8FB-58515CBC8F33}.Ad-Hoc|iPhoneSimulator.ActiveCfg = Release|Any CPU
		{E7CD378D-E17A-4785-B8FB-58515CBC8F33}.Ad-Hoc|iPhoneSimulator.Build.0 = Release|Any CPU
		{E7CD378D-E17A-4785-B8FB-58515CBC8F33}.Ad-Hoc|x64.ActiveCfg = Release|Any CPU
		{E7CD378D-E17A-4785-B8FB-58515CBC8F33}.Ad-Hoc|x64.Build.0 = Release|Any CPU
		{E7CD378D-E17A-4785-B8FB-58515CBC8F33}.Ad-Hoc|x86.ActiveCfg = Release|Any CPU
		{E7CD378D-E17A-4785-B8FB-58515CBC8F33}.Ad-Hoc|x86.Build.0 = Release|Any CPU
		{E7CD378D-E17A-4785-B8FB-58515CBC8F33}.AppStore|Any CPU.ActiveCfg = Release|Any CPU
		{E7CD378D-E17A-4785-B8FB-58515CBC8F33}.AppStore|Any CPU.Build.0 = Release|Any CPU
		{E7CD378D-E17A-4785-B8FB-58515CBC8F33}.AppStore|ARM.ActiveCfg = Release|Any CPU
		{E7CD378D-E17A-4785-B8FB-58515CBC8F33}.AppStore|ARM.Build.0 = Release|Any CPU
		{E7CD378D-E17A-4785-B8FB-58515CBC8F33}.AppStore|iPhone.ActiveCfg = Release|Any CPU
		{E7CD378D-E17A-4785-B8FB-58515CBC8F33}.AppStore|iPhone.Build.0 = Release|Any CPU
		{E7CD378D-E17A-4785-B8FB-58515CBC8F33}.AppStore|iPhoneSimulator.ActiveCfg = Release|Any CPU
		{E7CD378D-E17A-4785-B8FB-58515CBC8F33}.AppStore|iPhoneSimulator.Build.0 = Release|Any CPU
		{E7CD378D-E17A-4785-B8FB-58515CBC8F33}.AppStore|x64.ActiveCfg = Release|Any CPU
		{E7CD378D-E17A-4785-B8FB-58515CBC8F33}.AppStore|x64.Build.0 = Release|Any CPU
		{E7CD378D-E17A-4785-B8FB-58515CBC8F33}.AppStore|x86.ActiveCfg = Release|Any CPU
		{E7CD378D-E17A-4785-B8FB-58515CBC8F33}.AppStore|x86.Build.0 = Release|Any CPU
		{E7CD378D-E17A-4785-B8FB-58515CBC8F33}.Debug|Any CPU.ActiveCfg = Debug|Any CPU
		{E7CD378D-E17A-4785-B8FB-58515CBC8F33}.Debug|Any CPU.Build.0 = Debug|Any CPU
		{E7CD378D-E17A-4785-B8FB-58515CBC8F33}.Debug|ARM.ActiveCfg = Debug|Any CPU
		{E7CD378D-E17A-4785-B8FB-58515CBC8F33}.Debug|ARM.Build.0 = Debug|Any CPU
		{E7CD378D-E17A-4785-B8FB-58515CBC8F33}.Debug|iPhone.ActiveCfg = Debug|Any CPU
		{E7CD378D-E17A-4785-B8FB-58515CBC8F33}.Debug|iPhone.Build.0 = Debug|Any CPU
		{E7CD378D-E17A-4785-B8FB-58515CBC8F33}.Debug|iPhoneSimulator.ActiveCfg = Debug|Any CPU
		{E7CD378D-E17A-4785-B8FB-58515CBC8F33}.Debug|iPhoneSimulator.Build.0 = Debug|Any CPU
		{E7CD378D-E17A-4785-B8FB-58515CBC8F33}.Debug|x64.ActiveCfg = Debug|Any CPU
		{E7CD378D-E17A-4785-B8FB-58515CBC8F33}.Debug|x64.Build.0 = Debug|Any CPU
		{E7CD378D-E17A-4785-B8FB-58515CBC8F33}.Debug|x86.ActiveCfg = Debug|Any CPU
		{E7CD378D-E17A-4785-B8FB-58515CBC8F33}.Debug|x86.Build.0 = Debug|Any CPU
		{E7CD378D-E17A-4785-B8FB-58515CBC8F33}.Release|Any CPU.ActiveCfg = Release|Any CPU
		{E7CD378D-E17A-4785-B8FB-58515CBC8F33}.Release|Any CPU.Build.0 = Release|Any CPU
		{E7CD378D-E17A-4785-B8FB-58515CBC8F33}.Release|ARM.ActiveCfg = Release|Any CPU
		{E7CD378D-E17A-4785-B8FB-58515CBC8F33}.Release|ARM.Build.0 = Release|Any CPU
		{E7CD378D-E17A-4785-B8FB-58515CBC8F33}.Release|iPhone.ActiveCfg = Release|Any CPU
		{E7CD378D-E17A-4785-B8FB-58515CBC8F33}.Release|iPhone.Build.0 = Release|Any CPU
		{E7CD378D-E17A-4785-B8FB-58515CBC8F33}.Release|iPhoneSimulator.ActiveCfg = Release|Any CPU
		{E7CD378D-E17A-4785-B8FB-58515CBC8F33}.Release|iPhoneSimulator.Build.0 = Release|Any CPU
		{E7CD378D-E17A-4785-B8FB-58515CBC8F33}.Release|x64.ActiveCfg = Release|Any CPU
		{E7CD378D-E17A-4785-B8FB-58515CBC8F33}.Release|x64.Build.0 = Release|Any CPU
		{E7CD378D-E17A-4785-B8FB-58515CBC8F33}.Release|x86.ActiveCfg = Release|Any CPU
		{E7CD378D-E17A-4785-B8FB-58515CBC8F33}.Release|x86.Build.0 = Release|Any CPU
		{E23FAA0B-CC6E-48EF-AC5D-C61D04B7BF5D}.Ad-Hoc|Any CPU.ActiveCfg = Release|Any CPU
		{E23FAA0B-CC6E-48EF-AC5D-C61D04B7BF5D}.Ad-Hoc|Any CPU.Build.0 = Release|Any CPU
		{E23FAA0B-CC6E-48EF-AC5D-C61D04B7BF5D}.Ad-Hoc|ARM.ActiveCfg = Release|Any CPU
		{E23FAA0B-CC6E-48EF-AC5D-C61D04B7BF5D}.Ad-Hoc|ARM.Build.0 = Release|Any CPU
		{E23FAA0B-CC6E-48EF-AC5D-C61D04B7BF5D}.Ad-Hoc|iPhone.ActiveCfg = Release|Any CPU
		{E23FAA0B-CC6E-48EF-AC5D-C61D04B7BF5D}.Ad-Hoc|iPhone.Build.0 = Release|Any CPU
		{E23FAA0B-CC6E-48EF-AC5D-C61D04B7BF5D}.Ad-Hoc|iPhoneSimulator.ActiveCfg = Release|Any CPU
		{E23FAA0B-CC6E-48EF-AC5D-C61D04B7BF5D}.Ad-Hoc|iPhoneSimulator.Build.0 = Release|Any CPU
		{E23FAA0B-CC6E-48EF-AC5D-C61D04B7BF5D}.Ad-Hoc|x64.ActiveCfg = Release|Any CPU
		{E23FAA0B-CC6E-48EF-AC5D-C61D04B7BF5D}.Ad-Hoc|x64.Build.0 = Release|Any CPU
		{E23FAA0B-CC6E-48EF-AC5D-C61D04B7BF5D}.Ad-Hoc|x86.ActiveCfg = Release|Any CPU
		{E23FAA0B-CC6E-48EF-AC5D-C61D04B7BF5D}.Ad-Hoc|x86.Build.0 = Release|Any CPU
		{E23FAA0B-CC6E-48EF-AC5D-C61D04B7BF5D}.AppStore|Any CPU.ActiveCfg = Release|Any CPU
		{E23FAA0B-CC6E-48EF-AC5D-C61D04B7BF5D}.AppStore|Any CPU.Build.0 = Release|Any CPU
		{E23FAA0B-CC6E-48EF-AC5D-C61D04B7BF5D}.AppStore|ARM.ActiveCfg = Release|Any CPU
		{E23FAA0B-CC6E-48EF-AC5D-C61D04B7BF5D}.AppStore|ARM.Build.0 = Release|Any CPU
		{E23FAA0B-CC6E-48EF-AC5D-C61D04B7BF5D}.AppStore|iPhone.ActiveCfg = Release|Any CPU
		{E23FAA0B-CC6E-48EF-AC5D-C61D04B7BF5D}.AppStore|iPhone.Build.0 = Release|Any CPU
		{E23FAA0B-CC6E-48EF-AC5D-C61D04B7BF5D}.AppStore|iPhoneSimulator.ActiveCfg = Release|Any CPU
		{E23FAA0B-CC6E-48EF-AC5D-C61D04B7BF5D}.AppStore|iPhoneSimulator.Build.0 = Release|Any CPU
		{E23FAA0B-CC6E-48EF-AC5D-C61D04B7BF5D}.AppStore|x64.ActiveCfg = Release|Any CPU
		{E23FAA0B-CC6E-48EF-AC5D-C61D04B7BF5D}.AppStore|x64.Build.0 = Release|Any CPU
		{E23FAA0B-CC6E-48EF-AC5D-C61D04B7BF5D}.AppStore|x86.ActiveCfg = Release|Any CPU
		{E23FAA0B-CC6E-48EF-AC5D-C61D04B7BF5D}.AppStore|x86.Build.0 = Release|Any CPU
		{E23FAA0B-CC6E-48EF-AC5D-C61D04B7BF5D}.Debug|Any CPU.ActiveCfg = Debug|Any CPU
		{E23FAA0B-CC6E-48EF-AC5D-C61D04B7BF5D}.Debug|Any CPU.Build.0 = Debug|Any CPU
		{E23FAA0B-CC6E-48EF-AC5D-C61D04B7BF5D}.Debug|ARM.ActiveCfg = Debug|Any CPU
		{E23FAA0B-CC6E-48EF-AC5D-C61D04B7BF5D}.Debug|ARM.Build.0 = Debug|Any CPU
		{E23FAA0B-CC6E-48EF-AC5D-C61D04B7BF5D}.Debug|iPhone.ActiveCfg = Debug|Any CPU
		{E23FAA0B-CC6E-48EF-AC5D-C61D04B7BF5D}.Debug|iPhone.Build.0 = Debug|Any CPU
		{E23FAA0B-CC6E-48EF-AC5D-C61D04B7BF5D}.Debug|iPhoneSimulator.ActiveCfg = Debug|Any CPU
		{E23FAA0B-CC6E-48EF-AC5D-C61D04B7BF5D}.Debug|iPhoneSimulator.Build.0 = Debug|Any CPU
		{E23FAA0B-CC6E-48EF-AC5D-C61D04B7BF5D}.Debug|x64.ActiveCfg = Debug|Any CPU
		{E23FAA0B-CC6E-48EF-AC5D-C61D04B7BF5D}.Debug|x64.Build.0 = Debug|Any CPU
		{E23FAA0B-CC6E-48EF-AC5D-C61D04B7BF5D}.Debug|x86.ActiveCfg = Debug|Any CPU
		{E23FAA0B-CC6E-48EF-AC5D-C61D04B7BF5D}.Debug|x86.Build.0 = Debug|Any CPU
		{E23FAA0B-CC6E-48EF-AC5D-C61D04B7BF5D}.Release|Any CPU.ActiveCfg = Release|Any CPU
		{E23FAA0B-CC6E-48EF-AC5D-C61D04B7BF5D}.Release|Any CPU.Build.0 = Release|Any CPU
		{E23FAA0B-CC6E-48EF-AC5D-C61D04B7BF5D}.Release|ARM.ActiveCfg = Release|Any CPU
		{E23FAA0B-CC6E-48EF-AC5D-C61D04B7BF5D}.Release|ARM.Build.0 = Release|Any CPU
		{E23FAA0B-CC6E-48EF-AC5D-C61D04B7BF5D}.Release|iPhone.ActiveCfg = Release|Any CPU
		{E23FAA0B-CC6E-48EF-AC5D-C61D04B7BF5D}.Release|iPhone.Build.0 = Release|Any CPU
		{E23FAA0B-CC6E-48EF-AC5D-C61D04B7BF5D}.Release|iPhoneSimulator.ActiveCfg = Release|Any CPU
		{E23FAA0B-CC6E-48EF-AC5D-C61D04B7BF5D}.Release|iPhoneSimulator.Build.0 = Release|Any CPU
		{E23FAA0B-CC6E-48EF-AC5D-C61D04B7BF5D}.Release|x64.ActiveCfg = Release|Any CPU
		{E23FAA0B-CC6E-48EF-AC5D-C61D04B7BF5D}.Release|x64.Build.0 = Release|Any CPU
		{E23FAA0B-CC6E-48EF-AC5D-C61D04B7BF5D}.Release|x86.ActiveCfg = Release|Any CPU
		{E23FAA0B-CC6E-48EF-AC5D-C61D04B7BF5D}.Release|x86.Build.0 = Release|Any CPU
		{04192F61-FBD4-4984-999E-05D1E89840B8}.Ad-Hoc|Any CPU.ActiveCfg = Release|Any CPU
		{04192F61-FBD4-4984-999E-05D1E89840B8}.Ad-Hoc|Any CPU.Build.0 = Release|Any CPU
		{04192F61-FBD4-4984-999E-05D1E89840B8}.Ad-Hoc|ARM.ActiveCfg = Release|Any CPU
		{04192F61-FBD4-4984-999E-05D1E89840B8}.Ad-Hoc|ARM.Build.0 = Release|Any CPU
		{04192F61-FBD4-4984-999E-05D1E89840B8}.Ad-Hoc|iPhone.ActiveCfg = Release|Any CPU
		{04192F61-FBD4-4984-999E-05D1E89840B8}.Ad-Hoc|iPhone.Build.0 = Release|Any CPU
		{04192F61-FBD4-4984-999E-05D1E89840B8}.Ad-Hoc|iPhoneSimulator.ActiveCfg = Release|Any CPU
		{04192F61-FBD4-4984-999E-05D1E89840B8}.Ad-Hoc|iPhoneSimulator.Build.0 = Release|Any CPU
		{04192F61-FBD4-4984-999E-05D1E89840B8}.Ad-Hoc|x64.ActiveCfg = Release|Any CPU
		{04192F61-FBD4-4984-999E-05D1E89840B8}.Ad-Hoc|x64.Build.0 = Release|Any CPU
		{04192F61-FBD4-4984-999E-05D1E89840B8}.Ad-Hoc|x86.ActiveCfg = Release|Any CPU
		{04192F61-FBD4-4984-999E-05D1E89840B8}.Ad-Hoc|x86.Build.0 = Release|Any CPU
		{04192F61-FBD4-4984-999E-05D1E89840B8}.AppStore|Any CPU.ActiveCfg = Release|Any CPU
		{04192F61-FBD4-4984-999E-05D1E89840B8}.AppStore|Any CPU.Build.0 = Release|Any CPU
		{04192F61-FBD4-4984-999E-05D1E89840B8}.AppStore|ARM.ActiveCfg = Release|Any CPU
		{04192F61-FBD4-4984-999E-05D1E89840B8}.AppStore|ARM.Build.0 = Release|Any CPU
		{04192F61-FBD4-4984-999E-05D1E89840B8}.AppStore|iPhone.ActiveCfg = Release|Any CPU
		{04192F61-FBD4-4984-999E-05D1E89840B8}.AppStore|iPhone.Build.0 = Release|Any CPU
		{04192F61-FBD4-4984-999E-05D1E89840B8}.AppStore|iPhoneSimulator.ActiveCfg = Release|Any CPU
		{04192F61-FBD4-4984-999E-05D1E89840B8}.AppStore|iPhoneSimulator.Build.0 = Release|Any CPU
		{04192F61-FBD4-4984-999E-05D1E89840B8}.AppStore|x64.ActiveCfg = Release|Any CPU
		{04192F61-FBD4-4984-999E-05D1E89840B8}.AppStore|x64.Build.0 = Release|Any CPU
		{04192F61-FBD4-4984-999E-05D1E89840B8}.AppStore|x86.ActiveCfg = Release|Any CPU
		{04192F61-FBD4-4984-999E-05D1E89840B8}.AppStore|x86.Build.0 = Release|Any CPU
		{04192F61-FBD4-4984-999E-05D1E89840B8}.Debug|Any CPU.ActiveCfg = Debug|Any CPU
		{04192F61-FBD4-4984-999E-05D1E89840B8}.Debug|Any CPU.Build.0 = Debug|Any CPU
		{04192F61-FBD4-4984-999E-05D1E89840B8}.Debug|ARM.ActiveCfg = Debug|Any CPU
		{04192F61-FBD4-4984-999E-05D1E89840B8}.Debug|ARM.Build.0 = Debug|Any CPU
		{04192F61-FBD4-4984-999E-05D1E89840B8}.Debug|iPhone.ActiveCfg = Debug|Any CPU
		{04192F61-FBD4-4984-999E-05D1E89840B8}.Debug|iPhone.Build.0 = Debug|Any CPU
		{04192F61-FBD4-4984-999E-05D1E89840B8}.Debug|iPhoneSimulator.ActiveCfg = Debug|Any CPU
		{04192F61-FBD4-4984-999E-05D1E89840B8}.Debug|iPhoneSimulator.Build.0 = Debug|Any CPU
		{04192F61-FBD4-4984-999E-05D1E89840B8}.Debug|x64.ActiveCfg = Debug|Any CPU
		{04192F61-FBD4-4984-999E-05D1E89840B8}.Debug|x64.Build.0 = Debug|Any CPU
		{04192F61-FBD4-4984-999E-05D1E89840B8}.Debug|x86.ActiveCfg = Debug|Any CPU
		{04192F61-FBD4-4984-999E-05D1E89840B8}.Debug|x86.Build.0 = Debug|Any CPU
		{04192F61-FBD4-4984-999E-05D1E89840B8}.Release|Any CPU.ActiveCfg = Release|Any CPU
		{04192F61-FBD4-4984-999E-05D1E89840B8}.Release|Any CPU.Build.0 = Release|Any CPU
		{04192F61-FBD4-4984-999E-05D1E89840B8}.Release|ARM.ActiveCfg = Release|Any CPU
		{04192F61-FBD4-4984-999E-05D1E89840B8}.Release|ARM.Build.0 = Release|Any CPU
		{04192F61-FBD4-4984-999E-05D1E89840B8}.Release|iPhone.ActiveCfg = Release|Any CPU
		{04192F61-FBD4-4984-999E-05D1E89840B8}.Release|iPhone.Build.0 = Release|Any CPU
		{04192F61-FBD4-4984-999E-05D1E89840B8}.Release|iPhoneSimulator.ActiveCfg = Release|Any CPU
		{04192F61-FBD4-4984-999E-05D1E89840B8}.Release|iPhoneSimulator.Build.0 = Release|Any CPU
		{04192F61-FBD4-4984-999E-05D1E89840B8}.Release|x64.ActiveCfg = Release|Any CPU
		{04192F61-FBD4-4984-999E-05D1E89840B8}.Release|x64.Build.0 = Release|Any CPU
		{04192F61-FBD4-4984-999E-05D1E89840B8}.Release|x86.ActiveCfg = Release|Any CPU
		{04192F61-FBD4-4984-999E-05D1E89840B8}.Release|x86.Build.0 = Release|Any CPU
		{F0E3626A-335F-41E2-A7A5-858641297122}.Ad-Hoc|Any CPU.ActiveCfg = Release|Any CPU
		{F0E3626A-335F-41E2-A7A5-858641297122}.Ad-Hoc|Any CPU.Build.0 = Release|Any CPU
		{F0E3626A-335F-41E2-A7A5-858641297122}.Ad-Hoc|ARM.ActiveCfg = Release|Any CPU
		{F0E3626A-335F-41E2-A7A5-858641297122}.Ad-Hoc|ARM.Build.0 = Release|Any CPU
		{F0E3626A-335F-41E2-A7A5-858641297122}.Ad-Hoc|iPhone.ActiveCfg = Release|Any CPU
		{F0E3626A-335F-41E2-A7A5-858641297122}.Ad-Hoc|iPhone.Build.0 = Release|Any CPU
		{F0E3626A-335F-41E2-A7A5-858641297122}.Ad-Hoc|iPhoneSimulator.ActiveCfg = Release|Any CPU
		{F0E3626A-335F-41E2-A7A5-858641297122}.Ad-Hoc|iPhoneSimulator.Build.0 = Release|Any CPU
		{F0E3626A-335F-41E2-A7A5-858641297122}.Ad-Hoc|x64.ActiveCfg = Release|Any CPU
		{F0E3626A-335F-41E2-A7A5-858641297122}.Ad-Hoc|x64.Build.0 = Release|Any CPU
		{F0E3626A-335F-41E2-A7A5-858641297122}.Ad-Hoc|x86.ActiveCfg = Release|Any CPU
		{F0E3626A-335F-41E2-A7A5-858641297122}.Ad-Hoc|x86.Build.0 = Release|Any CPU
		{F0E3626A-335F-41E2-A7A5-858641297122}.AppStore|Any CPU.ActiveCfg = Release|Any CPU
		{F0E3626A-335F-41E2-A7A5-858641297122}.AppStore|Any CPU.Build.0 = Release|Any CPU
		{F0E3626A-335F-41E2-A7A5-858641297122}.AppStore|ARM.ActiveCfg = Release|Any CPU
		{F0E3626A-335F-41E2-A7A5-858641297122}.AppStore|ARM.Build.0 = Release|Any CPU
		{F0E3626A-335F-41E2-A7A5-858641297122}.AppStore|iPhone.ActiveCfg = Release|Any CPU
		{F0E3626A-335F-41E2-A7A5-858641297122}.AppStore|iPhone.Build.0 = Release|Any CPU
		{F0E3626A-335F-41E2-A7A5-858641297122}.AppStore|iPhoneSimulator.ActiveCfg = Release|Any CPU
		{F0E3626A-335F-41E2-A7A5-858641297122}.AppStore|iPhoneSimulator.Build.0 = Release|Any CPU
		{F0E3626A-335F-41E2-A7A5-858641297122}.AppStore|x64.ActiveCfg = Release|Any CPU
		{F0E3626A-335F-41E2-A7A5-858641297122}.AppStore|x64.Build.0 = Release|Any CPU
		{F0E3626A-335F-41E2-A7A5-858641297122}.AppStore|x86.ActiveCfg = Release|Any CPU
		{F0E3626A-335F-41E2-A7A5-858641297122}.AppStore|x86.Build.0 = Release|Any CPU
		{F0E3626A-335F-41E2-A7A5-858641297122}.Debug|Any CPU.ActiveCfg = Debug|Any CPU
		{F0E3626A-335F-41E2-A7A5-858641297122}.Debug|Any CPU.Build.0 = Debug|Any CPU
		{F0E3626A-335F-41E2-A7A5-858641297122}.Debug|ARM.ActiveCfg = Debug|Any CPU
		{F0E3626A-335F-41E2-A7A5-858641297122}.Debug|ARM.Build.0 = Debug|Any CPU
		{F0E3626A-335F-41E2-A7A5-858641297122}.Debug|iPhone.ActiveCfg = Debug|Any CPU
		{F0E3626A-335F-41E2-A7A5-858641297122}.Debug|iPhone.Build.0 = Debug|Any CPU
		{F0E3626A-335F-41E2-A7A5-858641297122}.Debug|iPhoneSimulator.ActiveCfg = Debug|Any CPU
		{F0E3626A-335F-41E2-A7A5-858641297122}.Debug|iPhoneSimulator.Build.0 = Debug|Any CPU
		{F0E3626A-335F-41E2-A7A5-858641297122}.Debug|x64.ActiveCfg = Debug|Any CPU
		{F0E3626A-335F-41E2-A7A5-858641297122}.Debug|x64.Build.0 = Debug|Any CPU
		{F0E3626A-335F-41E2-A7A5-858641297122}.Debug|x86.ActiveCfg = Debug|Any CPU
		{F0E3626A-335F-41E2-A7A5-858641297122}.Debug|x86.Build.0 = Debug|Any CPU
		{F0E3626A-335F-41E2-A7A5-858641297122}.Release|Any CPU.ActiveCfg = Release|Any CPU
		{F0E3626A-335F-41E2-A7A5-858641297122}.Release|Any CPU.Build.0 = Release|Any CPU
		{F0E3626A-335F-41E2-A7A5-858641297122}.Release|ARM.ActiveCfg = Release|Any CPU
		{F0E3626A-335F-41E2-A7A5-858641297122}.Release|ARM.Build.0 = Release|Any CPU
		{F0E3626A-335F-41E2-A7A5-858641297122}.Release|iPhone.ActiveCfg = Release|Any CPU
		{F0E3626A-335F-41E2-A7A5-858641297122}.Release|iPhone.Build.0 = Release|Any CPU
		{F0E3626A-335F-41E2-A7A5-858641297122}.Release|iPhoneSimulator.ActiveCfg = Release|Any CPU
		{F0E3626A-335F-41E2-A7A5-858641297122}.Release|iPhoneSimulator.Build.0 = Release|Any CPU
		{F0E3626A-335F-41E2-A7A5-858641297122}.Release|x64.ActiveCfg = Release|Any CPU
		{F0E3626A-335F-41E2-A7A5-858641297122}.Release|x64.Build.0 = Release|Any CPU
		{F0E3626A-335F-41E2-A7A5-858641297122}.Release|x86.ActiveCfg = Release|Any CPU
		{F0E3626A-335F-41E2-A7A5-858641297122}.Release|x86.Build.0 = Release|Any CPU
		{5B482927-1623-457A-B3A4-F35ED294CD53}.Ad-Hoc|Any CPU.ActiveCfg = Release|Any CPU
		{5B482927-1623-457A-B3A4-F35ED294CD53}.Ad-Hoc|Any CPU.Build.0 = Release|Any CPU
		{5B482927-1623-457A-B3A4-F35ED294CD53}.Ad-Hoc|ARM.ActiveCfg = Release|Any CPU
		{5B482927-1623-457A-B3A4-F35ED294CD53}.Ad-Hoc|ARM.Build.0 = Release|Any CPU
		{5B482927-1623-457A-B3A4-F35ED294CD53}.Ad-Hoc|iPhone.ActiveCfg = Release|Any CPU
		{5B482927-1623-457A-B3A4-F35ED294CD53}.Ad-Hoc|iPhone.Build.0 = Release|Any CPU
		{5B482927-1623-457A-B3A4-F35ED294CD53}.Ad-Hoc|iPhoneSimulator.ActiveCfg = Release|Any CPU
		{5B482927-1623-457A-B3A4-F35ED294CD53}.Ad-Hoc|iPhoneSimulator.Build.0 = Release|Any CPU
		{5B482927-1623-457A-B3A4-F35ED294CD53}.Ad-Hoc|x64.ActiveCfg = Release|Any CPU
		{5B482927-1623-457A-B3A4-F35ED294CD53}.Ad-Hoc|x64.Build.0 = Release|Any CPU
		{5B482927-1623-457A-B3A4-F35ED294CD53}.Ad-Hoc|x86.ActiveCfg = Release|Any CPU
		{5B482927-1623-457A-B3A4-F35ED294CD53}.Ad-Hoc|x86.Build.0 = Release|Any CPU
		{5B482927-1623-457A-B3A4-F35ED294CD53}.AppStore|Any CPU.ActiveCfg = Release|Any CPU
		{5B482927-1623-457A-B3A4-F35ED294CD53}.AppStore|Any CPU.Build.0 = Release|Any CPU
		{5B482927-1623-457A-B3A4-F35ED294CD53}.AppStore|ARM.ActiveCfg = Release|Any CPU
		{5B482927-1623-457A-B3A4-F35ED294CD53}.AppStore|ARM.Build.0 = Release|Any CPU
		{5B482927-1623-457A-B3A4-F35ED294CD53}.AppStore|iPhone.ActiveCfg = Release|Any CPU
		{5B482927-1623-457A-B3A4-F35ED294CD53}.AppStore|iPhone.Build.0 = Release|Any CPU
		{5B482927-1623-457A-B3A4-F35ED294CD53}.AppStore|iPhoneSimulator.ActiveCfg = Release|Any CPU
		{5B482927-1623-457A-B3A4-F35ED294CD53}.AppStore|iPhoneSimulator.Build.0 = Release|Any CPU
		{5B482927-1623-457A-B3A4-F35ED294CD53}.AppStore|x64.ActiveCfg = Release|Any CPU
		{5B482927-1623-457A-B3A4-F35ED294CD53}.AppStore|x64.Build.0 = Release|Any CPU
		{5B482927-1623-457A-B3A4-F35ED294CD53}.AppStore|x86.ActiveCfg = Release|Any CPU
		{5B482927-1623-457A-B3A4-F35ED294CD53}.AppStore|x86.Build.0 = Release|Any CPU
		{5B482927-1623-457A-B3A4-F35ED294CD53}.Debug|Any CPU.ActiveCfg = Debug|Any CPU
		{5B482927-1623-457A-B3A4-F35ED294CD53}.Debug|Any CPU.Build.0 = Debug|Any CPU
		{5B482927-1623-457A-B3A4-F35ED294CD53}.Debug|ARM.ActiveCfg = Debug|Any CPU
		{5B482927-1623-457A-B3A4-F35ED294CD53}.Debug|ARM.Build.0 = Debug|Any CPU
		{5B482927-1623-457A-B3A4-F35ED294CD53}.Debug|iPhone.ActiveCfg = Debug|Any CPU
		{5B482927-1623-457A-B3A4-F35ED294CD53}.Debug|iPhone.Build.0 = Debug|Any CPU
		{5B482927-1623-457A-B3A4-F35ED294CD53}.Debug|iPhoneSimulator.ActiveCfg = Debug|Any CPU
		{5B482927-1623-457A-B3A4-F35ED294CD53}.Debug|iPhoneSimulator.Build.0 = Debug|Any CPU
		{5B482927-1623-457A-B3A4-F35ED294CD53}.Debug|x64.ActiveCfg = Debug|Any CPU
		{5B482927-1623-457A-B3A4-F35ED294CD53}.Debug|x64.Build.0 = Debug|Any CPU
		{5B482927-1623-457A-B3A4-F35ED294CD53}.Debug|x86.ActiveCfg = Debug|Any CPU
		{5B482927-1623-457A-B3A4-F35ED294CD53}.Debug|x86.Build.0 = Debug|Any CPU
		{5B482927-1623-457A-B3A4-F35ED294CD53}.Release|Any CPU.ActiveCfg = Release|Any CPU
		{5B482927-1623-457A-B3A4-F35ED294CD53}.Release|Any CPU.Build.0 = Release|Any CPU
		{5B482927-1623-457A-B3A4-F35ED294CD53}.Release|ARM.ActiveCfg = Release|Any CPU
		{5B482927-1623-457A-B3A4-F35ED294CD53}.Release|ARM.Build.0 = Release|Any CPU
		{5B482927-1623-457A-B3A4-F35ED294CD53}.Release|iPhone.ActiveCfg = Release|Any CPU
		{5B482927-1623-457A-B3A4-F35ED294CD53}.Release|iPhone.Build.0 = Release|Any CPU
		{5B482927-1623-457A-B3A4-F35ED294CD53}.Release|iPhoneSimulator.ActiveCfg = Release|Any CPU
		{5B482927-1623-457A-B3A4-F35ED294CD53}.Release|iPhoneSimulator.Build.0 = Release|Any CPU
		{5B482927-1623-457A-B3A4-F35ED294CD53}.Release|x64.ActiveCfg = Release|Any CPU
		{5B482927-1623-457A-B3A4-F35ED294CD53}.Release|x64.Build.0 = Release|Any CPU
		{5B482927-1623-457A-B3A4-F35ED294CD53}.Release|x86.ActiveCfg = Release|Any CPU
		{5B482927-1623-457A-B3A4-F35ED294CD53}.Release|x86.Build.0 = Release|Any CPU
	EndGlobalSection
	GlobalSection(SolutionProperties) = preSolution
		HideSolutionNode = FALSE
	EndGlobalSection
	GlobalSection(ExtensibilityGlobals) = postSolution
		SolutionGuid = {CCD4B7F2-55CA-4529-A699-CB98324D3C01}
	EndGlobalSection
EndGlobal
