
Microsoft Visual Studio Solution File, Format Version 12.00
# Visual Studio 15
VisualStudioVersion = 15.0.28307.572
MinimumVisualStudioVersion = 10.0.40219.1
Project("{F184B08F-C81C-45F6-A57F-5ABD9991F28F}") = "VisualBasicForProfessionals", "VisualBasicForProfessionals\VisualBasicForProfessionals.vbproj", "{F75CD9C5-809D-4001-863D-D885B1272231}"
EndProject
Global
	GlobalSection(SolutionConfigurationPlatforms) = preSolution
		Debug|Any CPU = Debug|Any CPU
		Release|Any CPU = Release|Any CPU
	EndGlobalSection
	GlobalSection(ProjectConfigurationPlatforms) = postSolution
		{F75CD9C5-809D-4001-863D-D885B1272231}.Debug|Any CPU.ActiveCfg = Debug|Any CPU
		{F75CD9C5-809D-4001-863D-D885B1272231}.Debug|Any CPU.Build.0 = Debug|Any CPU
		{F75CD9C5-809D-4001-863D-D885B1272231}.Release|Any CPU.ActiveCfg = Release|Any CPU
		{F75CD9C5-809D-4001-863D-D885B1272231}.Release|Any CPU.Build.0 = Release|Any CPU
	EndGlobalSection
	GlobalSection(SolutionProperties) = preSolution
		HideSolutionNode = FALSE
	EndGlobalSection
	GlobalSection(ExtensibilityGlobals) = postSolution
		SolutionGuid = {93CEC76F-3993-4441-8487-5A32CE87836A}
	EndGlobalSection
EndGlobal
